
Microsoft Visual Studio Solution File, Format Version 12.00
# Visual Studio 14
VisualStudioVersion = 14.0.25420.1
MinimumVisualStudioVersion = 10.0.40219.1
Project("{FAE04EC0-301F-11D3-BF4B-00C04F79EFBC}") = "ConsoleApplication2", "ConsoleApplication2\ConsoleApplication2.csproj", "{110769DF-677A-4A41-9B3B-642D21BC7219}"
EndProject
Project("{8BC9CEB8-8B4A-11D0-8D11-00A0C91BC942}") = "CppTest", "CppTest\CppTest.vcxproj", "{CD0195FA-6252-475D-940B-945EC076935B}"
EndProject
Project("{FAE04EC0-301F-11D3-BF4B-00C04F79EFBC}") = "CustomCalculator", "CustomCalculator\CustomCalculator.csproj", "{BDF3CEBF-1F46-4DE4-A2C1-297755DA8B1A}"
EndProject
Project("{FAE04EC0-301F-11D3-BF4B-00C04F79EFBC}") = "Call_Python_In_CSharp", "Call_Python_In_CSharp\Call_Python_In_CSharp.csproj", "{F9965E57-1BD8-4566-BCB5-36D7C86FFB5F}"
EndProject
Global
	GlobalSection(SolutionConfigurationPlatforms) = preSolution
		Debug|Any CPU = Debug|Any CPU
		Debug|x64 = Debug|x64
		Debug|x86 = Debug|x86
		Release|Any CPU = Release|Any CPU
		Release|x64 = Release|x64
		Release|x86 = Release|x86
	EndGlobalSection
	GlobalSection(ProjectConfigurationPlatforms) = postSolution
		{110769DF-677A-4A41-9B3B-642D21BC7219}.Debug|Any CPU.ActiveCfg = Debug|Any CPU
		{110769DF-677A-4A41-9B3B-642D21BC7219}.Debug|Any CPU.Build.0 = Debug|Any CPU
		{110769DF-677A-4A41-9B3B-642D21BC7219}.Debug|x64.ActiveCfg = Debug|Any CPU
		{110769DF-677A-4A41-9B3B-642D21BC7219}.Debug|x64.Build.0 = Debug|Any CPU
		{110769DF-677A-4A41-9B3B-642D21BC7219}.Debug|x86.ActiveCfg = Debug|Any CPU
		{110769DF-677A-4A41-9B3B-642D21BC7219}.Debug|x86.Build.0 = Debug|Any CPU
		{110769DF-677A-4A41-9B3B-642D21BC7219}.Release|Any CPU.ActiveCfg = Release|Any CPU
		{110769DF-677A-4A41-9B3B-642D21BC7219}.Release|Any CPU.Build.0 = Release|Any CPU
		{110769DF-677A-4A41-9B3B-642D21BC7219}.Release|x64.ActiveCfg = Release|Any CPU
		{110769DF-677A-4A41-9B3B-642D21BC7219}.Release|x64.Build.0 = Release|Any CPU
		{110769DF-677A-4A41-9B3B-642D21BC7219}.Release|x86.ActiveCfg = Release|Any CPU
		{110769DF-677A-4A41-9B3B-642D21BC7219}.Release|x86.Build.0 = Release|Any CPU
		{CD0195FA-6252-475D-940B-945EC076935B}.Debug|Any CPU.ActiveCfg = Debug|Win32
		{CD0195FA-6252-475D-940B-945EC076935B}.Debug|x64.ActiveCfg = Debug|x64
		{CD0195FA-6252-475D-940B-945EC076935B}.Debug|x64.Build.0 = Debug|x64
		{CD0195FA-6252-475D-940B-945EC076935B}.Debug|x86.ActiveCfg = Debug|Win32
		{CD0195FA-6252-475D-940B-945EC076935B}.Debug|x86.Build.0 = Debug|Win32
		{CD0195FA-6252-475D-940B-945EC076935B}.Release|Any CPU.ActiveCfg = Release|Win32
		{CD0195FA-6252-475D-940B-945EC076935B}.Release|x64.ActiveCfg = Release|x64
		{CD0195FA-6252-475D-940B-945EC076935B}.Release|x64.Build.0 = Release|x64
		{CD0195FA-6252-475D-940B-945EC076935B}.Release|x86.ActiveCfg = Release|Win32
		{CD0195FA-6252-475D-940B-945EC076935B}.Release|x86.Build.0 = Release|Win32
		{BDF3CEBF-1F46-4DE4-A2C1-297755DA8B1A}.Debug|Any CPU.ActiveCfg = Debug|Any CPU
		{BDF3CEBF-1F46-4DE4-A2C1-297755DA8B1A}.Debug|Any CPU.Build.0 = Debug|Any CPU
		{BDF3CEBF-1F46-4DE4-A2C1-297755DA8B1A}.Debug|x64.ActiveCfg = Debug|Any CPU
		{BDF3CEBF-1F46-4DE4-A2C1-297755DA8B1A}.Debug|x64.Build.0 = Debug|Any CPU
		{BDF3CEBF-1F46-4DE4-A2C1-297755DA8B1A}.Debug|x86.ActiveCfg = Debug|Any CPU
		{BDF3CEBF-1F46-4DE4-A2C1-297755DA8B1A}.Debug|x86.Build.0 = Debug|Any CPU
		{BDF3CEBF-1F46-4DE4-A2C1-297755DA8B1A}.Release|Any CPU.ActiveCfg = Release|Any CPU
		{BDF3CEBF-1F46-4DE4-A2C1-297755DA8B1A}.Release|Any CPU.Build.0 = Release|Any CPU
		{BDF3CEBF-1F46-4DE4-A2C1-297755DA8B1A}.Release|x64.ActiveCfg = Release|Any CPU
		{BDF3CEBF-1F46-4DE4-A2C1-297755DA8B1A}.Release|x64.Build.0 = Release|Any CPU
		{BDF3CEBF-1F46-4DE4-A2C1-297755DA8B1A}.Release|x86.ActiveCfg = Release|Any CPU
		{BDF3CEBF-1F46-4DE4-A2C1-297755DA8B1A}.Release|x86.Build.0 = Release|Any CPU
		{F9965E57-1BD8-4566-BCB5-36D7C86FFB5F}.Debug|Any CPU.ActiveCfg = Debug|Any CPU
		{F9965E57-1BD8-4566-BCB5-36D7C86FFB5F}.Debug|Any CPU.Build.0 = Debug|Any CPU
		{F9965E57-1BD8-4566-BCB5-36D7C86FFB5F}.Debug|x64.ActiveCfg = Debug|Any CPU
		{F9965E57-1BD8-4566-BCB5-36D7C86FFB5F}.Debug|x64.Build.0 = Debug|Any CPU
		{F9965E57-1BD8-4566-BCB5-36D7C86FFB5F}.Debug|x86.ActiveCfg = Debug|Any CPU
		{F9965E57-1BD8-4566-BCB5-36D7C86FFB5F}.Debug|x86.Build.0 = Debug|Any CPU
		{F9965E57-1BD8-4566-BCB5-36D7C86FFB5F}.Release|Any CPU.ActiveCfg = Release|Any CPU
		{F9965E57-1BD8-4566-BCB5-36D7C86FFB5F}.Release|Any CPU.Build.0 = Release|Any CPU
		{F9965E57-1BD8-4566-BCB5-36D7C86FFB5F}.Release|x64.ActiveCfg = Release|Any CPU
		{F9965E57-1BD8-4566-BCB5-36D7C86FFB5F}.Release|x64.Build.0 = Release|Any CPU
		{F9965E57-1BD8-4566-BCB5-36D7C86FFB5F}.Release|x86.ActiveCfg = Release|Any CPU
		{F9965E57-1BD8-4566-BCB5-36D7C86FFB5F}.Release|x86.Build.0 = Release|Any CPU
	EndGlobalSection
	GlobalSection(SolutionProperties) = preSolution
		HideSolutionNode = FALSE
	EndGlobalSection
EndGlobal
